# This file is generated by running "yarn install" inside your project.
# Manual changes might be lost - proceed with caution!

__metadata:
  version: 6
  cacheKey: 8

"@supabase/auth-js@npm:2.64.4":
  version: 2.64.4
  resolution: "@supabase/auth-js@npm:2.64.4"
  dependencies:
    "@supabase/node-fetch": "npm:^2.6.14"
  checksum: 05d7f40e67a89ba561c47ce7f398f1979d19a89b6a9e90c25fcd591b2b0fa161d9f1edf50777eeeb256468a1e479557c2d07d966d7b312e188ffca9758823213
  languageName: node
  linkType: hard

"@supabase/functions-js@npm:2.4.1":
  version: 2.4.1
  resolution: "@supabase/functions-js@npm:2.4.1"
  dependencies:
    "@supabase/node-fetch": "npm:^2.6.14"
  checksum: 786a1499b26b928f39b9af68b44bfc0a016c525d85c6b8bd2f6cd712e53db3ab5099ed4e7b1038ae8527dcee16a3aa8f80618a7227d322052810d378746d7154
  languageName: node
  linkType: hard

"@supabase/node-fetch@npm:2.6.15, @supabase/node-fetch@npm:^2.6.14":
  version: 2.6.15
  resolution: "@supabase/node-fetch@npm:2.6.15"
  dependencies:
    whatwg-url: "npm:^5.0.0"
  checksum: 9673b49236a56df49eb7ea5cb789cf4e8b1393069b84b4964ac052995e318a34872f428726d128f232139e17c3375a531e45e99edd3e96a25cce60d914b53879
  languageName: node
  linkType: hard

"@supabase/postgrest-js@npm:1.15.8":
  version: 1.15.8
  resolution: "@supabase/postgrest-js@npm:1.15.8"
  dependencies:
    "@supabase/node-fetch": "npm:^2.6.14"
  checksum: b2081f76356f35f76e9e6f2e1b4dd1528c96404f4feeebf1ebb8068fb726e182c06f77cbd151c00d751ad9d69bcab4596dd68bf5c90ee7ace2ac22695bed3268
  languageName: node
  linkType: hard

"@supabase/realtime-js@npm:2.10.2":
  version: 2.10.2
  resolution: "@supabase/realtime-js@npm:2.10.2"
  dependencies:
    "@supabase/node-fetch": "npm:^2.6.14"
    "@types/phoenix": "npm:^1.5.4"
    "@types/ws": "npm:^8.5.10"
    ws: "npm:^8.14.2"
  checksum: a98342e6a8437c2c14a86728abd12f21d853f167fb22ede46ef680cc0ef990bf7c8a8403c448ab335d884cfe8c3b2f6c4e3363dcb777511ee3abb6270d65a954
  languageName: node
  linkType: hard

"@supabase/storage-js@npm:2.6.0":
  version: 2.6.0
  resolution: "@supabase/storage-js@npm:2.6.0"
  dependencies:
    "@supabase/node-fetch": "npm:^2.6.14"
  checksum: ade54ef113922c43f4b46080b5ee637fad07117e4e16383ce0d040981a550a6f3fc0edc4f20dd8677cb28bb46b4071be130df86944ce7a9abe68bb86b955a832
  languageName: node
  linkType: hard

"@supabase/supabase-js@npm:^2.44.4":
  version: 2.44.4
  resolution: "@supabase/supabase-js@npm:2.44.4"
  dependencies:
    "@supabase/auth-js": "npm:2.64.4"
    "@supabase/functions-js": "npm:2.4.1"
    "@supabase/node-fetch": "npm:2.6.15"
    "@supabase/postgrest-js": "npm:1.15.8"
    "@supabase/realtime-js": "npm:2.10.2"
    "@supabase/storage-js": "npm:2.6.0"
  checksum: 53354d62d6fbb87066c7d59c57d9598feda11f7804cd2a1887314c355317525151afe8df5059038a4b88414d11122164cec7669c7114616f9d4baad9540e3d96
  languageName: node
  linkType: hard

"@types/node@npm:*":
  version: 22.0.0
  resolution: "@types/node@npm:22.0.0"
  dependencies:
    undici-types: "npm:~6.11.1"
  checksum: ef58d59bbffd9a79449ef632ea9a4f3b006496926cac2717368f80fdd152b1937e44093c17c9fac74650309c9d5387bb5c5bf4fd304adafebcbda1e6e4435fe4
  languageName: node
  linkType: hard

"@types/phoenix@npm:^1.5.4":
  version: 1.6.5
  resolution: "@types/phoenix@npm:1.6.5"
  checksum: b87416393159f0ba2812875fc2721914a3284cde8b1f263dfcd46f4149dae7f4efc2bfa062d558c8bbfb7ae2a9d802487b0dd4744ff08799386cbc49c19368f0
  languageName: node
  linkType: hard

"@types/ws@npm:^8.5.10":
  version: 8.5.11
  resolution: "@types/ws@npm:8.5.11"
  dependencies:
    "@types/node": "npm:*"
  checksum: 91d3ad6cc802f52b01c8cc7b0de149617785e8166e631291201d5f50937db2a578cbe70b61d96f43140d57170ad2f904782d3ec9ed86c34c5e9cec9a847a94dc
  languageName: node
  linkType: hard

"@vercel/edge@npm:^0.1.2":
  version: 0.1.2
  resolution: "@vercel/edge@npm:0.1.2"
  checksum: b58a7fa1484469b9b90218c2620178f536b67c097eb84b64166e3b7e1d3f51aaab7d03d993727e19d11c31d5f139fb840a4931b2d702bbad8e118ee7d75ede8d
  languageName: node
  linkType: hard

"root-workspace-0b6124@workspace:.":
  version: 0.0.0-use.local
  resolution: "root-workspace-0b6124@workspace:."
  dependencies:
    "@supabase/supabase-js": ^2.44.4
    "@vercel/edge": ^0.1.2
  languageName: unknown
  linkType: soft

"tr46@npm:~0.0.3":
  version: 0.0.3
  resolution: "tr46@npm:0.0.3"
  checksum: 726321c5eaf41b5002e17ffbd1fb7245999a073e8979085dacd47c4b4e8068ff5777142fc6726d6ca1fd2ff16921b48788b87225cbc57c72636f6efa8efbffe3
  languageName: node
  linkType: hard

"undici-types@npm:~6.11.1":
  version: 6.11.1
  resolution: "undici-types@npm:6.11.1"
  checksum: d7fc11bded93bc55ef3b88464e856ab061a747cf50ef2eff5df5ba3be18b9fcafe60e1b36a8c99e28aac2eade12891d32a504f2a32422452c44662e598e3b188
  languageName: node
  linkType: hard

"webidl-conversions@npm:^3.0.0":
  version: 3.0.1
  resolution: "webidl-conversions@npm:3.0.1"
  checksum: c92a0a6ab95314bde9c32e1d0a6dfac83b578f8fa5f21e675bc2706ed6981bc26b7eb7e6a1fab158e5ce4adf9caa4a0aee49a52505d4d13c7be545f15021b17c
  languageName: node
  linkType: hard

"whatwg-url@npm:^5.0.0":
  version: 5.0.0
  resolution: "whatwg-url@npm:5.0.0"
  dependencies:
    tr46: "npm:~0.0.3"
    webidl-conversions: "npm:^3.0.0"
  checksum: b8daed4ad3356cc4899048a15b2c143a9aed0dfae1f611ebd55073310c7b910f522ad75d727346ad64203d7e6c79ef25eafd465f4d12775ca44b90fa82ed9e2c
  languageName: node
  linkType: hard

"ws@npm:^8.14.2":
  version: 8.18.0
  resolution: "ws@npm:8.18.0"
  peerDependencies:
    bufferutil: ^4.0.1
    utf-8-validate: ">=5.0.2"
  peerDependenciesMeta:
    bufferutil:
      optional: true
    utf-8-validate:
      optional: true
  checksum: 91d4d35bc99ff6df483bdf029b9ea4bfd7af1f16fc91231a96777a63d263e1eabf486e13a2353970efc534f9faa43bdbf9ee76525af22f4752cbc5ebda333975
  languageName: node
  linkType: hard
