# This file is generated by running "yarn install" inside your project.
# Manual changes might be lost - proceed with caution!

__metadata:
  version: 8
  cacheKey: 10c0

"@supabase/auth-js@npm:2.64.4":
  version: 2.64.4
  resolution: "@supabase/auth-js@npm:2.64.4"
  dependencies:
    "@supabase/node-fetch": "npm:^2.6.14"
  checksum: 10c0/a76d14688da9e90a87e3878c64c47d006a413bb1949bd18d5e9b62131819ac1e39fc84cfcbf1d3ec1b13e5d80f40dbca24a1cd3889aa7102f044ca66aa9ddd13
  languageName: node
  linkType: hard

"@supabase/functions-js@npm:2.4.1":
  version: 2.4.1
  resolution: "@supabase/functions-js@npm:2.4.1"
  dependencies:
    "@supabase/node-fetch": "npm:^2.6.14"
  checksum: 10c0/18c672aa9fc9f04ae662e596463d1bc7a4f01780533dbaecef85576caa56e4a3c6a90a727d64afc56a25f028bdc91ee89072b7c86d2492a93ab9a4ce00a7626b
  languageName: node
  linkType: hard

"@supabase/node-fetch@npm:2.6.15, @supabase/node-fetch@npm:^2.6.14":
  version: 2.6.15
  resolution: "@supabase/node-fetch@npm:2.6.15"
  dependencies:
    whatwg-url: "npm:^5.0.0"
  checksum: 10c0/98d25cab2eba53c93c59e730d52d50065b1a7fe216c65224471e83e2064ebd45ae51ad09cb39ec263c3cb59e3d41870fc2e789ea2e9587480d7ba212b85daf38
  languageName: node
  linkType: hard

"@supabase/postgrest-js@npm:1.15.8":
  version: 1.15.8
  resolution: "@supabase/postgrest-js@npm:1.15.8"
  dependencies:
    "@supabase/node-fetch": "npm:^2.6.14"
  checksum: 10c0/23b6d7b2b32307fa26f6ebccd74f23e2725e7816a4db6e7151e3019b8c5a9821ff4c7fb917f93b5c3bbd356afae144f567f1a05315d8c0208ed6db4d81382a81
  languageName: node
  linkType: hard

"@supabase/realtime-js@npm:2.10.2":
  version: 2.10.2
  resolution: "@supabase/realtime-js@npm:2.10.2"
  dependencies:
    "@supabase/node-fetch": "npm:^2.6.14"
    "@types/phoenix": "npm:^1.5.4"
    "@types/ws": "npm:^8.5.10"
    ws: "npm:^8.14.2"
  checksum: 10c0/d33bb7c124c5014ad3f308bb9837f74a33e408976595bda2a8955e2685e89654259738cb2409c31a3aef3892d22d3986c2880437083a87f1a47e828dd2f27eb9
  languageName: node
  linkType: hard

"@supabase/storage-js@npm:2.6.0":
  version: 2.6.0
  resolution: "@supabase/storage-js@npm:2.6.0"
  dependencies:
    "@supabase/node-fetch": "npm:^2.6.14"
  checksum: 10c0/f086f4553fb9b3cfdd38ca8595cd71eb4d2e4dae6bf8e9cc2bbd6b4945be339c3f931c101f623250890520730ca500bb84afaf190a5d857e01603af93c6a29f7
  languageName: node
  linkType: hard

"@supabase/supabase-js@npm:^2.44.4":
  version: 2.44.4
  resolution: "@supabase/supabase-js@npm:2.44.4"
  dependencies:
    "@supabase/auth-js": "npm:2.64.4"
    "@supabase/functions-js": "npm:2.4.1"
    "@supabase/node-fetch": "npm:2.6.15"
    "@supabase/postgrest-js": "npm:1.15.8"
    "@supabase/realtime-js": "npm:2.10.2"
    "@supabase/storage-js": "npm:2.6.0"
  checksum: 10c0/ff736cc7d341c44bf9b4460114b33a2f93fc64ef38e118360e8d693971849b0f11b472692dc34c96293e05249e3c3ade97909100147219fd0a8846d66ab8569a
  languageName: node
  linkType: hard

"@types/node@npm:*":
  version: 22.0.0
  resolution: "@types/node@npm:22.0.0"
  dependencies:
    undici-types: "npm:~6.11.1"
  checksum: 10c0/af26a8ec7266c857b0ced75dc3a93c6b65280d1fa40d1b4488c814d30831c5c752489c99ecb5698daec1376145b1a9ddd08350882dc2e07769917a5f22a460bc
  languageName: node
  linkType: hard

"@types/phoenix@npm:^1.5.4":
  version: 1.6.5
  resolution: "@types/phoenix@npm:1.6.5"
  checksum: 10c0/a5a6bb468c1596905fd6d1d493fd468cb0b325b0d09573845e01124d65267e606ad9c526701201e2e30d334721108e5e1b98e4fe9dc9d6270eb2f90042cc7bda
  languageName: node
  linkType: hard

"@types/ws@npm:^8.5.10":
  version: 8.5.11
  resolution: "@types/ws@npm:8.5.11"
  dependencies:
    "@types/node": "npm:*"
  checksum: 10c0/50bd2e1a12659fa024a97d7e8c267fbf2a2c2251f1edf2057aa7dfc99682f5c025a188df9e27414675c78d3b189346a3567e1e4c218ad79a9d2b0f1f2b860c3a
  languageName: node
  linkType: hard

"@vercel/edge@npm:^0.1.2":
  version: 0.1.2
  resolution: "@vercel/edge@npm:0.1.2"
  checksum: 10c0/52fb8e29003a24b187f53602c2043a931c9aa593ceeed6f65c67ff36dfecf0a2d624654fcce8074190669bcaeb0e8f1b7b61eee13047724f9851bdeeb644611c
  languageName: node
  linkType: hard

"root-workspace-0b6124@workspace:.":
  version: 0.0.0-use.local
  resolution: "root-workspace-0b6124@workspace:."
  dependencies:
    "@supabase/supabase-js": "npm:^2.44.4"
    "@vercel/edge": "npm:^0.1.2"
  languageName: unknown
  linkType: soft

"tr46@npm:~0.0.3":
  version: 0.0.3
  resolution: "tr46@npm:0.0.3"
  checksum: 10c0/047cb209a6b60c742f05c9d3ace8fa510bff609995c129a37ace03476a9b12db4dbf975e74600830ef0796e18882b2381fb5fb1f6b4f96b832c374de3ab91a11
  languageName: node
  linkType: hard

"undici-types@npm:~6.11.1":
  version: 6.11.1
  resolution: "undici-types@npm:6.11.1"
  checksum: 10c0/d8f5739a8e6c779d72336c82deb49c56d5ac9f9f6e0eb2e8dd4d3f6929ae9db7cde370d2e46516fe6cad04ea53e790c5e16c4c75eed7cd0f9bd31b0763bb2fa3
  languageName: node
  linkType: hard

"webidl-conversions@npm:^3.0.0":
  version: 3.0.1
  resolution: "webidl-conversions@npm:3.0.1"
  checksum: 10c0/5612d5f3e54760a797052eb4927f0ddc01383550f542ccd33d5238cfd65aeed392a45ad38364970d0a0f4fea32e1f4d231b3d8dac4a3bdd385e5cf802ae097db
  languageName: node
  linkType: hard

"whatwg-url@npm:^5.0.0":
  version: 5.0.0
  resolution: "whatwg-url@npm:5.0.0"
  dependencies:
    tr46: "npm:~0.0.3"
    webidl-conversions: "npm:^3.0.0"
  checksum: 10c0/1588bed84d10b72d5eec1d0faa0722ba1962f1821e7539c535558fb5398d223b0c50d8acab950b8c488b4ba69043fd833cc2697056b167d8ad46fac3995a55d5
  languageName: node
  linkType: hard

"ws@npm:^8.14.2":
  version: 8.18.0
  resolution: "ws@npm:8.18.0"
  peerDependencies:
    bufferutil: ^4.0.1
    utf-8-validate: ">=5.0.2"
  peerDependenciesMeta:
    bufferutil:
      optional: true
    utf-8-validate:
      optional: true
  checksum: 10c0/25eb33aff17edcb90721ed6b0eb250976328533ad3cd1a28a274bd263682e7296a6591ff1436d6cbc50fa67463158b062f9d1122013b361cec99a05f84680e06
  languageName: node
  linkType: hard
